
Microsoft Visual Studio Solution File, Format Version 12.00
# Visual Studio 2013
VisualStudioVersion = 12.0.40629.0
MinimumVisualStudioVersion = 10.0.40219.1
Project("{FAE04EC0-301F-11D3-BF4B-00C04F79EFBC}") = "Tweak", "Tweak\Tweak.csproj", "{702C0D0B-2AD6-44E7-8360-0C86B40579E4}"
EndProject
Project("{FAE04EC0-301F-11D3-BF4B-00C04F79EFBC}") = "Tweak.Examples", "Tweak.Examples\Tweak.Examples.csproj", "{37E624A5-0AC0-45F2-943D-5F96D856518F}"
EndProject
Project("{FAE04EC0-301F-11D3-BF4B-00C04F79EFBC}") = "Tweak.Tests", "Tweak.Tests\Tweak.Tests.csproj", "{633C8BEA-CFDA-4AB1-AD1B-9C4BD54F2F1F}"
EndProject
Project("{2150E333-8FDC-42A3-9474-1A3956D46DE8}") = "Build", "Build", "{29F07ED9-A071-45A9-81FB-B3537C7BD199}"
	ProjectSection(SolutionItems) = preProject
		Tweak\build_solution.bat = Tweak\build_solution.bat
		StyleCop\RunStyleCop.msbuild = StyleCop\RunStyleCop.msbuild
		StyleCop\StyleCop.xsl = StyleCop\StyleCop.xsl
		Tweak\Tweak.nuspec = Tweak\Tweak.nuspec
	EndProjectSection
EndProject
Project("{2150E333-8FDC-42A3-9474-1A3956D46DE8}") = ".nuget", ".nuget", "{ACE982DD-C614-472F-AD42-28145F460CFC}"
	ProjectSection(SolutionItems) = preProject
		.nuget\packages.config = .nuget\packages.config
	EndProjectSection
EndProject
Global
	GlobalSection(SolutionConfigurationPlatforms) = preSolution
		Debug|Any CPU = Debug|Any CPU
		Release|Any CPU = Release|Any CPU
	EndGlobalSection
	GlobalSection(ProjectConfigurationPlatforms) = postSolution
		{702C0D0B-2AD6-44E7-8360-0C86B40579E4}.Debug|Any CPU.ActiveCfg = Debug|Any CPU
		{702C0D0B-2AD6-44E7-8360-0C86B40579E4}.Debug|Any CPU.Build.0 = Debug|Any CPU
		{702C0D0B-2AD6-44E7-8360-0C86B40579E4}.Release|Any CPU.ActiveCfg = Release|Any CPU
		{702C0D0B-2AD6-44E7-8360-0C86B40579E4}.Release|Any CPU.Build.0 = Release|Any CPU
		{37E624A5-0AC0-45F2-943D-5F96D856518F}.Debug|Any CPU.ActiveCfg = Debug|Any CPU
		{37E624A5-0AC0-45F2-943D-5F96D856518F}.Debug|Any CPU.Build.0 = Debug|Any CPU
		{37E624A5-0AC0-45F2-943D-5F96D856518F}.Release|Any CPU.ActiveCfg = Release|Any CPU
		{37E624A5-0AC0-45F2-943D-5F96D856518F}.Release|Any CPU.Build.0 = Release|Any CPU
		{633C8BEA-CFDA-4AB1-AD1B-9C4BD54F2F1F}.Debug|Any CPU.ActiveCfg = Debug|Any CPU
		{633C8BEA-CFDA-4AB1-AD1B-9C4BD54F2F1F}.Debug|Any CPU.Build.0 = Debug|Any CPU
		{633C8BEA-CFDA-4AB1-AD1B-9C4BD54F2F1F}.Release|Any CPU.ActiveCfg = Release|Any CPU
		{633C8BEA-CFDA-4AB1-AD1B-9C4BD54F2F1F}.Release|Any CPU.Build.0 = Release|Any CPU
	EndGlobalSection
	GlobalSection(SolutionProperties) = preSolution
		HideSolutionNode = FALSE
	EndGlobalSection
EndGlobal
